schema: '2.0'
stages:
  preprocess:
    cmd: python src/preprocess.py
    deps:
    - path: data/raw/data.csv
      hash: md5
      md5: 739f3c9177b13d1c15aa060046cfb023
      size: 23872
    - path: src/preprocess.py
      hash: md5
      md5: ef52e2f5cfc82a690e194745e2fee5cb
      size: 1081
    params:
      params.yaml:
        preprocess.input: data/raw/data.csv
        preprocess.output: data/processed/data.csv
    outs:
    - path: data/processed/data.csv
      hash: md5
      md5: 40c8685fe8743b4b196f3dd1a6fe50c6
      size: 23192
  train:
    cmd: python src/train.py
    deps:
    - path: data/raw/data.csv
      hash: md5
      md5: 739f3c9177b13d1c15aa060046cfb023
      size: 23872
    - path: src/train.py
      hash: md5
      md5: 1689230950f9cc80d3ad1e2d5ddb9ff9
      size: 5379
    params:
      params.yaml:
        train.data: data/raw/data.csv
        train.max_depth: 5
        train.model: models/model.pkl
        train.n_estimators: 100
        train.random_state: 42
    outs:
    - path: models/model.pkl
      hash: md5
      md5: e4ec23bae83f8dad835960b48445ddff
      size: 1310345
  evaluate:
    cmd: python src/evaluate.py
    deps:
    - path: data/raw/data.csv
      hash: md5
      md5: 739f3c9177b13d1c15aa060046cfb023
      size: 23872
    - path: models/model.pkl
      hash: md5
      md5: e4ec23bae83f8dad835960b48445ddff
      size: 1310345
    - path: src/evaluate.py
      hash: md5
      md5: b21679051aa2eae512734f02ef400ee7
      size: 1131
